
Microsoft Visual Studio Solution File, Format Version 12.00
# Visual Studio Version 17
VisualStudioVersion = 17.0.32112.339
MinimumVisualStudioVersion = 10.0.40219.1
Project("{FAE04EC0-301F-11D3-BF4B-00C04F79EFBC}") = "pattern", "pattern\pattern.csproj", "{1462613F-1746-415A-A7CA-199D3E97DAAA}"
EndProject
Global
	GlobalSection(SolutionConfigurationPlatforms) = preSolution
		Debug|Any CPU = Debug|Any CPU
		Release|Any CPU = Release|Any CPU
	EndGlobalSection
	GlobalSection(ProjectConfigurationPlatforms) = postSolution
		{1462613F-1746-415A-A7CA-199D3E97DAAA}.Debug|Any CPU.ActiveCfg = Debug|Any CPU
		{1462613F-1746-415A-A7CA-199D3E97DAAA}.Debug|Any CPU.Build.0 = Debug|Any CPU
		{1462613F-1746-415A-A7CA-199D3E97DAAA}.Release|Any CPU.ActiveCfg = Release|Any CPU
		{1462613F-1746-415A-A7CA-199D3E97DAAA}.Release|Any CPU.Build.0 = Release|Any CPU
	EndGlobalSection
	GlobalSection(SolutionProperties) = preSolution
		HideSolutionNode = FALSE
	EndGlobalSection
	GlobalSection(ExtensibilityGlobals) = postSolution
		SolutionGuid = {E1C37DD0-41B4-468E-A1CF-BCF42500B700}
	EndGlobalSection
EndGlobal
